
Microsoft Visual Studio Solution File, Format Version 12.00
# Visual Studio 2012
Project("{FAE04EC0-301F-11D3-BF4B-00C04F79EFBC}") = "vikomet-dotnet-sdk", "vikomet-dotnet-sdk.csproj", "{0CBCE126-E2A8-4562-AC28-13058E139D0B}"
EndProject
Project("{FAE04EC0-301F-11D3-BF4B-00C04F79EFBC}") = "vikomet-framework-common", "vikomet-framework-common\vikomet-framework-common.csproj", "{8464D778-F6FA-4344-ACAF-D59007FB8921}"
EndProject
Global
	GlobalSection(SolutionConfigurationPlatforms) = preSolution
		Debug|Any CPU = Debug|Any CPU
		Release|Any CPU = Release|Any CPU
	EndGlobalSection
	GlobalSection(ProjectConfigurationPlatforms) = postSolution
		{0CBCE126-E2A8-4562-AC28-13058E139D0B}.Debug|Any CPU.ActiveCfg = Debug|Any CPU
		{0CBCE126-E2A8-4562-AC28-13058E139D0B}.Debug|Any CPU.Build.0 = Debug|Any CPU
		{0CBCE126-E2A8-4562-AC28-13058E139D0B}.Release|Any CPU.ActiveCfg = Release|Any CPU
		{0CBCE126-E2A8-4562-AC28-13058E139D0B}.Release|Any CPU.Build.0 = Release|Any CPU
		{8464D778-F6FA-4344-ACAF-D59007FB8921}.Debug|Any CPU.ActiveCfg = Debug|Any CPU
		{8464D778-F6FA-4344-ACAF-D59007FB8921}.Debug|Any CPU.Build.0 = Debug|Any CPU
		{8464D778-F6FA-4344-ACAF-D59007FB8921}.Release|Any CPU.ActiveCfg = Release|Any CPU
		{8464D778-F6FA-4344-ACAF-D59007FB8921}.Release|Any CPU.Build.0 = Release|Any CPU
	EndGlobalSection
	GlobalSection(SolutionProperties) = preSolution
		HideSolutionNode = FALSE
	EndGlobalSection
EndGlobal
